
Microsoft Visual Studio Solution File, Format Version 12.00
# Visual Studio 15
VisualStudioVersion = 15.0.27130.2026
MinimumVisualStudioVersion = 10.0.40219.1
Project("{FAE04EC0-301F-11D3-BF4B-00C04F79EFBC}") = "Pulse_Exporter", "Pulse_Exporter\Pulse_Exporter.csproj", "{41C1FB85-69AD-478A-B4E8-0A1DA2FDF8B1}"
	ProjectSection(ProjectDependencies) = postProject
		{B69F49CD-CCA9-4532-A4A0-E185CD3FAB33} = {B69F49CD-CCA9-4532-A4A0-E185CD3FAB33}
	EndProjectSection
EndProject
Project("{FAE04EC0-301F-11D3-BF4B-00C04F79EFBC}") = "RTI", "RTI\RTI.csproj", "{B69F49CD-CCA9-4532-A4A0-E185CD3FAB33}"
EndProject
Global
	GlobalSection(SolutionConfigurationPlatforms) = preSolution
		Debug|Any CPU = Debug|Any CPU
		Minimal Build|Any CPU = Minimal Build|Any CPU
		Release|Any CPU = Release|Any CPU
	EndGlobalSection
	GlobalSection(ProjectConfigurationPlatforms) = postSolution
		{41C1FB85-69AD-478A-B4E8-0A1DA2FDF8B1}.Debug|Any CPU.ActiveCfg = Debug|Any CPU
		{41C1FB85-69AD-478A-B4E8-0A1DA2FDF8B1}.Debug|Any CPU.Build.0 = Debug|Any CPU
		{41C1FB85-69AD-478A-B4E8-0A1DA2FDF8B1}.Minimal Build|Any CPU.ActiveCfg = Release|Any CPU
		{41C1FB85-69AD-478A-B4E8-0A1DA2FDF8B1}.Minimal Build|Any CPU.Build.0 = Release|Any CPU
		{41C1FB85-69AD-478A-B4E8-0A1DA2FDF8B1}.Release|Any CPU.ActiveCfg = Release|Any CPU
		{41C1FB85-69AD-478A-B4E8-0A1DA2FDF8B1}.Release|Any CPU.Build.0 = Release|Any CPU
		{B69F49CD-CCA9-4532-A4A0-E185CD3FAB33}.Debug|Any CPU.ActiveCfg = Debug|Any CPU
		{B69F49CD-CCA9-4532-A4A0-E185CD3FAB33}.Debug|Any CPU.Build.0 = Debug|Any CPU
		{B69F49CD-CCA9-4532-A4A0-E185CD3FAB33}.Minimal Build|Any CPU.ActiveCfg = Minimal Build|Any CPU
		{B69F49CD-CCA9-4532-A4A0-E185CD3FAB33}.Minimal Build|Any CPU.Build.0 = Minimal Build|Any CPU
		{B69F49CD-CCA9-4532-A4A0-E185CD3FAB33}.Release|Any CPU.ActiveCfg = Release|Any CPU
		{B69F49CD-CCA9-4532-A4A0-E185CD3FAB33}.Release|Any CPU.Build.0 = Release|Any CPU
	EndGlobalSection
	GlobalSection(SolutionProperties) = preSolution
		HideSolutionNode = FALSE
	EndGlobalSection
	GlobalSection(ExtensibilityGlobals) = postSolution
		SolutionGuid = {85142CF8-65FF-4D3D-ACDC-F7371198584E}
	EndGlobalSection
EndGlobal
